// !$*UTF8*$!
{
	archiveVersion = 1;
	classes = {
	};
	objectVersion = 77;
	objects = {

/* Begin PBXFileReference section */
		426CD9292E6CE71D0051E9DE /* index.html */ = {isa = PBXFileReference; lastKnownFileType = text.html; path = index.html; sourceTree = "<group>"; };
/* End PBXFileReference section */

/* Begin PBXGroup section */
		426CD9222E6CE6FF0051E9DE = {
			isa = PBXGroup;
			children = (
				426CD9292E6CE71D0051E9DE /* index.html */,
			);
			sourceTree = "<group>";
		};
/* End PBXGroup section */

/* Begin PBXProject section */
		426CD9232E6CE6FF0051E9DE /* Project object */ = {
			isa = PBXProject;
			attributes = {
				BuildIndependentTargetsInParallel = 1;
				LastUpgradeCheck = 1640;
			};
			buildConfigurationList = 426CD9262E6CE6FF0051E9DE /* Build configuration list for PBXProject "mausdex" */;
			developmentRegion = en;
			hasScannedForEncodings = 0;
			knownRegions = (
				en,
				Base,
			);
			mainGroup = 426CD9222E6CE6FF0051E9DE;
			minimizedProjectReferenceProxies = 1;
			preferredProjectObjectVersion = 77;
			projectDirPath = "";
			projectRoot = "";
			targets = (
			);
		};
/* End PBXProject section */

/* Begin XCBuildConfiguration section */
		426CD9272E6CE6FF0051E9DE /* Debug */ = {
			isa = XCBuildConfiguration;
			buildSettings = {
			};
			name = Debug;
		};
		426CD9282E6CE6FF0051E9DE /* Release */ = {
			isa = XCBuildConfiguration;
			buildSettings = {
			};
			name = Release;
		};
/* End XCBuildConfiguration section */

/* Begin XCConfigurationList section */
		426CD9262E6CE6FF0051E9DE /* Build configuration list for PBXProject "mausdex" */ = {
			isa = XCConfigurationList;
			buildConfigurations = (
				426CD9272E6CE6FF0051E9DE /* Debug */,
				426CD9282E6CE6FF0051E9DE /* Release */,
			);
			defaultConfigurationIsVisible = 0;
			defaultConfigurationName = Release;
		};
/* End XCConfigurationList section */
	};
	rootObject = 426CD9232E6CE6FF0051E9DE /* Project object */;
}
